Microsoft Visual Studio Solution File, Format Version 12.00
# Visual Studio Version 17
VisualStudioVersion = 17.5.2.0
MinimumVisualStudioVersion = 10.0.40219.1
Project("{2150E333-8FDC-42A3-9474-1A3956D46DE8}") = "Gateway", "Gateway", "{E7BDDBC6-9FD1-D1D7-ACD8-2C4F8E3D2461}"
EndProject
Project("{2150E333-8FDC-42A3-9474-1A3956D46DE8}") = "Services", "Services", "{5854FF58-B8C5-05C6-5BF2-ACE42193F22B}"
EndProject
Project("{FAE04EC0-301F-11D3-BF4B-00C04F79EFBC}") = "ApiGateway", "Gateway\ApiGateway\ApiGateway.csproj", "{99C27881-4371-A20A-3390-69632B7DCEFD}"
EndProject
Project("{FAE04EC0-301F-11D3-BF4B-00C04F79EFBC}") = "AuthService", "Services\AuthService\AuthService.csproj", "{16FD9863-A745-7DF3-D0FD-B69A0BD39998}"
EndProject
Global
	GlobalSection(SolutionConfigurationPlatforms) = preSolution
		Debug|Any CPU = Debug|Any CPU
		Release|Any CPU = Release|Any CPU
	EndGlobalSection
	GlobalSection(ProjectConfigurationPlatforms) = postSolution
		{99C27881-4371-A20A-3390-69632B7DCEFD}.Debug|Any CPU.ActiveCfg = Debug|Any CPU
		{99C27881-4371-A20A-3390-69632B7DCEFD}.Debug|Any CPU.Build.0 = Debug|Any CPU
		{99C27881-4371-A20A-3390-69632B7DCEFD}.Release|Any CPU.ActiveCfg = Release|Any CPU
		{99C27881-4371-A20A-3390-69632B7DCEFD}.Release|Any CPU.Build.0 = Release|Any CPU
		{16FD9863-A745-7DF3-D0FD-B69A0BD39998}.Debug|Any CPU.ActiveCfg = Debug|Any CPU
		{16FD9863-A745-7DF3-D0FD-B69A0BD39998}.Debug|Any CPU.Build.0 = Debug|Any CPU
		{16FD9863-A745-7DF3-D0FD-B69A0BD39998}.Release|Any CPU.ActiveCfg = Release|Any CPU
		{16FD9863-A745-7DF3-D0FD-B69A0BD39998}.Release|Any CPU.Build.0 = Release|Any CPU
	EndGlobalSection
	GlobalSection(SolutionProperties) = preSolution
		HideSolutionNode = FALSE
	EndGlobalSection
	GlobalSection(NestedProjects) = preSolution
		{99C27881-4371-A20A-3390-69632B7DCEFD} = {E7BDDBC6-9FD1-D1D7-ACD8-2C4F8E3D2461}
		{16FD9863-A745-7DF3-D0FD-B69A0BD39998} = {5854FF58-B8C5-05C6-5BF2-ACE42193F22B}
	EndGlobalSection
	GlobalSection(ExtensibilityGlobals) = postSolution
		SolutionGuid = {7D73F15E-D4EF-4A56-944C-03648F8B0BB3}
	EndGlobalSection
EndGlobal
